# This file is autogenerated, do not edit; changes may be undone by the next 'dep ensure'.


[[projects]]
  branch = "master"
  digest = "1:3b24c148e0865817743e07be1284d6adb2d0e0883fea3f29f52feccbcfe51f96"
  name = "github.com/sanguohot/openssl-channel-proxy"
  packages = ["."]
  pruneopts = "UT"
  revision = "90a866f18301fd50aefd18db1b701b8b7f7d7294"

[[projects]]
  branch = "master"
  digest = "1:80d47c7f2eeb0784716af7659820ae0702b5cd5d482614dbc8a27fe73b3a131f"
  name = "github.com/spacemonkeygo/openssl"
  packages = [
    ".",
    "utils",
  ]
  pruneopts = "UT"
  revision = "5da517866c3d32d56491026886bfd86d3c006302"

[[projects]]
  branch = "master"
  digest = "1:d6956eb95db39859627c18e1dd425b2ddd1a0d6000b643a4d4ada8fc887c1e09"
  name = "github.com/spacemonkeygo/spacelog"
  packages = ["."]
  pruneopts = "UT"
  revision = "2296661a0572a51438413369004fa931c2641923"

[[projects]]
  branch = "master"
  digest = "1:0316a8ad208917f1d141b077e278980fd5e4594f3a85f835dacbf24d85798252"
  name = "golang.org/x/sys"
  packages = ["unix"]
  pruneopts = "UT"
  revision = "4e1fef5609515ec7a2cee7b5de30ba6d9b438cbf"

[solve-meta]
  analyzer-name = "dep"
  analyzer-version = 1
  input-imports = [
    "github.com/sanguohot/openssl-channel-proxy",
    "github.com/spacemonkeygo/openssl",
  ]
  solver-name = "gps-cdcl"
  solver-version = 1
